
Microsoft Visual Studio Solution File, Format Version 12.00
# Visual Studio Version 16
VisualStudioVersion = 16.0.29503.13
MinimumVisualStudioVersion = 10.0.40219.1
Project("{9A19103F-16F7-4668-BE54-9A1E7A4F7556}") = "pm", "pm\pm.csproj", "{FFA66CD0-8647-4D57-AD5C-343681CBE7EA}"
EndProject
Project("{FAE04EC0-301F-11D3-BF4B-00C04F79EFBC}") = "pm.Core", "pm.Core\pm.Core.csproj", "{782CB9FA-FD1E-4368-910C-78B45B7F5F07}"
EndProject
Project("{FAE04EC0-301F-11D3-BF4B-00C04F79EFBC}") = "pm.Manager", "pm.Manager\pm.Manager.csproj", "{1BC96DA7-E533-41A4-83FD-553AF5758C5E}"
EndProject
Project("{FAE04EC0-301F-11D3-BF4B-00C04F79EFBC}") = "pm.Data", "pm.Data\pm.Data.csproj", "{514D19FB-C943-4559-8893-8DB7D97F6DC6}"
EndProject
Project("{FAE04EC0-301F-11D3-BF4B-00C04F79EFBC}") = "pm.Bus", "pm.Bus\pm.Bus.csproj", "{A16F9E0D-6E87-4C09-8F3F-88FF80A3C78D}"
EndProject
Global
	GlobalSection(SolutionConfigurationPlatforms) = preSolution
		Debug|Any CPU = Debug|Any CPU
		Release|Any CPU = Release|Any CPU
	EndGlobalSection
	GlobalSection(ProjectConfigurationPlatforms) = postSolution
		{FFA66CD0-8647-4D57-AD5C-343681CBE7EA}.Debug|Any CPU.ActiveCfg = Debug|Any CPU
		{FFA66CD0-8647-4D57-AD5C-343681CBE7EA}.Debug|Any CPU.Build.0 = Debug|Any CPU
		{FFA66CD0-8647-4D57-AD5C-343681CBE7EA}.Release|Any CPU.ActiveCfg = Release|Any CPU
		{FFA66CD0-8647-4D57-AD5C-343681CBE7EA}.Release|Any CPU.Build.0 = Release|Any CPU
		{782CB9FA-FD1E-4368-910C-78B45B7F5F07}.Debug|Any CPU.ActiveCfg = Debug|Any CPU
		{782CB9FA-FD1E-4368-910C-78B45B7F5F07}.Debug|Any CPU.Build.0 = Debug|Any CPU
		{782CB9FA-FD1E-4368-910C-78B45B7F5F07}.Release|Any CPU.ActiveCfg = Release|Any CPU
		{782CB9FA-FD1E-4368-910C-78B45B7F5F07}.Release|Any CPU.Build.0 = Release|Any CPU
		{1BC96DA7-E533-41A4-83FD-553AF5758C5E}.Debug|Any CPU.ActiveCfg = Debug|Any CPU
		{1BC96DA7-E533-41A4-83FD-553AF5758C5E}.Debug|Any CPU.Build.0 = Debug|Any CPU
		{1BC96DA7-E533-41A4-83FD-553AF5758C5E}.Release|Any CPU.ActiveCfg = Release|Any CPU
		{1BC96DA7-E533-41A4-83FD-553AF5758C5E}.Release|Any CPU.Build.0 = Release|Any CPU
		{514D19FB-C943-4559-8893-8DB7D97F6DC6}.Debug|Any CPU.ActiveCfg = Debug|Any CPU
		{514D19FB-C943-4559-8893-8DB7D97F6DC6}.Debug|Any CPU.Build.0 = Debug|Any CPU
		{514D19FB-C943-4559-8893-8DB7D97F6DC6}.Release|Any CPU.ActiveCfg = Release|Any CPU
		{514D19FB-C943-4559-8893-8DB7D97F6DC6}.Release|Any CPU.Build.0 = Release|Any CPU
		{A16F9E0D-6E87-4C09-8F3F-88FF80A3C78D}.Debug|Any CPU.ActiveCfg = Debug|Any CPU
		{A16F9E0D-6E87-4C09-8F3F-88FF80A3C78D}.Debug|Any CPU.Build.0 = Debug|Any CPU
		{A16F9E0D-6E87-4C09-8F3F-88FF80A3C78D}.Release|Any CPU.ActiveCfg = Release|Any CPU
		{A16F9E0D-6E87-4C09-8F3F-88FF80A3C78D}.Release|Any CPU.Build.0 = Release|Any CPU
	EndGlobalSection
	GlobalSection(SolutionProperties) = preSolution
		HideSolutionNode = FALSE
	EndGlobalSection
	GlobalSection(ExtensibilityGlobals) = postSolution
		SolutionGuid = {386F589E-F6A2-4456-9882-2B734C0DC330}
	EndGlobalSection
EndGlobal
